
Microsoft Visual Studio Solution File, Format Version 12.00
# Visual Studio Version 17
VisualStudioVersion = 17.7.34024.191
MinimumVisualStudioVersion = 10.0.40219.1
Project("{FAE04EC0-301F-11D3-BF4B-00C04F79EFBC}") = "Geschichte V2", "Geschichte V2\Geschichte V2.csproj", "{4BB3F0A2-80E7-4E50-B34C-CEE7195E4480}"
EndProject
Global
	GlobalSection(SolutionConfigurationPlatforms) = preSolution
		Debug|Any CPU = Debug|Any CPU
		Release|Any CPU = Release|Any CPU
	EndGlobalSection
	GlobalSection(ProjectConfigurationPlatforms) = postSolution
		{4BB3F0A2-80E7-4E50-B34C-CEE7195E4480}.Debug|Any CPU.ActiveCfg = Debug|Any CPU
		{4BB3F0A2-80E7-4E50-B34C-CEE7195E4480}.Debug|Any CPU.Build.0 = Debug|Any CPU
		{4BB3F0A2-80E7-4E50-B34C-CEE7195E4480}.Release|Any CPU.ActiveCfg = Release|Any CPU
		{4BB3F0A2-80E7-4E50-B34C-CEE7195E4480}.Release|Any CPU.Build.0 = Release|Any CPU
	EndGlobalSection
	GlobalSection(SolutionProperties) = preSolution
		HideSolutionNode = FALSE
	EndGlobalSection
	GlobalSection(ExtensibilityGlobals) = postSolution
		SolutionGuid = {73CA1235-136E-4F1D-B920-3F7FE52EA2BF}
	EndGlobalSection
EndGlobal
